
Microsoft Visual Studio Solution File, Format Version 12.00
# Visual Studio Version 17
VisualStudioVersion = 17.5.33502.453
MinimumVisualStudioVersion = 10.0.40219.1
Project("{FAE04EC0-301F-11D3-BF4B-00C04F79EFBC}") = "Logger", "Logger\Logger.csproj", "{ACEF6BA7-F8D7-481C-83CA-04A71CA419EF}"
EndProject
Global
	GlobalSection(SolutionConfigurationPlatforms) = preSolution
		Debug|Any CPU = Debug|Any CPU
		Release|Any CPU = Release|Any CPU
	EndGlobalSection
	GlobalSection(ProjectConfigurationPlatforms) = postSolution
		{ACEF6BA7-F8D7-481C-83CA-04A71CA419EF}.Debug|Any CPU.ActiveCfg = Debug|Any CPU
		{ACEF6BA7-F8D7-481C-83CA-04A71CA419EF}.Debug|Any CPU.Build.0 = Debug|Any CPU
		{ACEF6BA7-F8D7-481C-83CA-04A71CA419EF}.Release|Any CPU.ActiveCfg = Release|Any CPU
		{ACEF6BA7-F8D7-481C-83CA-04A71CA419EF}.Release|Any CPU.Build.0 = Release|Any CPU
	EndGlobalSection
	GlobalSection(SolutionProperties) = preSolution
		HideSolutionNode = FALSE
	EndGlobalSection
	GlobalSection(ExtensibilityGlobals) = postSolution
		SolutionGuid = {22483C97-2C9C-4E4D-8E3F-E583C43ADBFB}
	EndGlobalSection
EndGlobal
